
Microsoft Visual Studio Solution File, Format Version 12.00
# Visual Studio Version 17
VisualStudioVersion = 17.3.32929.385
MinimumVisualStudioVersion = 10.0.40219.1
Project("{FAE04EC0-301F-11D3-BF4B-00C04F79EFBC}") = "s07dp", "s07dp\s07dp.csproj", "{77D0F058-75A5-4E01-9EB9-8E6AD429F6F4}"
EndProject
Global
	GlobalSection(SolutionConfigurationPlatforms) = preSolution
		Debug|Any CPU = Debug|Any CPU
		Release|Any CPU = Release|Any CPU
	EndGlobalSection
	GlobalSection(ProjectConfigurationPlatforms) = postSolution
		{77D0F058-75A5-4E01-9EB9-8E6AD429F6F4}.Debug|Any CPU.ActiveCfg = Debug|Any CPU
		{77D0F058-75A5-4E01-9EB9-8E6AD429F6F4}.Debug|Any CPU.Build.0 = Debug|Any CPU
		{77D0F058-75A5-4E01-9EB9-8E6AD429F6F4}.Release|Any CPU.ActiveCfg = Release|Any CPU
		{77D0F058-75A5-4E01-9EB9-8E6AD429F6F4}.Release|Any CPU.Build.0 = Release|Any CPU
	EndGlobalSection
	GlobalSection(SolutionProperties) = preSolution
		HideSolutionNode = FALSE
	EndGlobalSection
	GlobalSection(ExtensibilityGlobals) = postSolution
		SolutionGuid = {8F53DE00-9290-4E84-B8E3-DECB29838BD6}
	EndGlobalSection
EndGlobal
